
Microsoft Visual Studio Solution File, Format Version 12.00
# Visual Studio Version 17
VisualStudioVersion = 17.4.33213.308
MinimumVisualStudioVersion = 10.0.40219.1
Project("{2150E333-8FDC-42A3-9474-1A3956D46DE8}") = "Projet.BLL", "Projet.BLL", "{CD29FE0B-F8EB-49A1-813A-BBC520417D44}"
EndProject
Project("{2150E333-8FDC-42A3-9474-1A3956D46DE8}") = "Projet.CrossCutting", "Projet.CrossCutting", "{D22C53B8-EFA7-4D47-9955-21F18C2B1D63}"
EndProject
Project("{2150E333-8FDC-42A3-9474-1A3956D46DE8}") = "Projet.DAL", "Projet.DAL", "{5605CD02-222B-411B-95CE-17D4AF255306}"
EndProject
Project("{2150E333-8FDC-42A3-9474-1A3956D46DE8}") = "Projet.Service", "Projet.Service", "{BEB40C00-467C-4E53-B031-C0106F13A6AF}"
EndProject
Project("{9A19103F-16F7-4668-BE54-9A1E7A4F7556}") = "Projet.Context", "Projet.Context\Projet.Context.csproj", "{DE7C924A-B2C2-4B87-945A-44A8A0BB5675}"
EndProject
Project("{9A19103F-16F7-4668-BE54-9A1E7A4F7556}") = "Projet.DAL", "Projet.DAL\Projet.DAL.csproj", "{EBAE4869-3562-430C-A061-3AEF783A9789}"
EndProject
Project("{9A19103F-16F7-4668-BE54-9A1E7A4F7556}") = "Projet.DAL.Contracts", "Projet.DAL.Contracts\Projet.DAL.Contracts.csproj", "{84E842C6-70DD-47B8-A148-A52B60D27853}"
EndProject
Project("{9A19103F-16F7-4668-BE54-9A1E7A4F7556}") = "Projet.Entities", "Projet.Entities\Projet.Entities.csproj", "{E2B1AD55-A71C-477B-99DA-B7AD9D6CA2C9}"
EndProject
Project("{9A19103F-16F7-4668-BE54-9A1E7A4F7556}") = "Projet.Enums", "Projet.Enums\Projet.Enums.csproj", "{CD631404-ECCA-46C2-9FB5-27A9B511E199}"
EndProject
Project("{9A19103F-16F7-4668-BE54-9A1E7A4F7556}") = "Projet.Logs", "Projet.Logs\Projet.Logs.csproj", "{23EBABDC-F763-4BBF-9C5A-9192BC1A8016}"
EndProject
Project("{9A19103F-16F7-4668-BE54-9A1E7A4F7556}") = "Projet.BLL", "Projet.BLL\Projet.BLL.csproj", "{0969DC51-6457-4474-97CF-00F72696F339}"
EndProject
Project("{9A19103F-16F7-4668-BE54-9A1E7A4F7556}") = "Projet.BLL.Contract", "Projet.BLL.Contract\Projet.BLL.Contract.csproj", "{84F875F8-DEFA-41D0-977E-B75ABF304846}"
EndProject
Project("{FAE04EC0-301F-11D3-BF4B-00C04F79EFBC}") = "Projet.Services", "Projet.Services\Projet.Services.csproj", "{EE8F21DB-79F4-4F6E-AA82-99E8E853F5C3}"
EndProject
Project("{FAE04EC0-301F-11D3-BF4B-00C04F79EFBC}") = "Projet.ViewModel", "Projet.ViewModel\Projet.ViewModel.csproj", "{1F972C2A-D057-494F-91EE-07510BFF95A2}"
EndProject
Project("{FAE04EC0-301F-11D3-BF4B-00C04F79EFBC}") = "API", "API\API.csproj", "{3AADF299-A36D-459A-86F3-00ADC08C8BC7}"
EndProject
Global
	GlobalSection(SolutionConfigurationPlatforms) = preSolution
		Debug|Any CPU = Debug|Any CPU
		Release|Any CPU = Release|Any CPU
	EndGlobalSection
	GlobalSection(ProjectConfigurationPlatforms) = postSolution
		{DE7C924A-B2C2-4B87-945A-44A8A0BB5675}.Debug|Any CPU.ActiveCfg = Debug|Any CPU
		{DE7C924A-B2C2-4B87-945A-44A8A0BB5675}.Debug|Any CPU.Build.0 = Debug|Any CPU
		{DE7C924A-B2C2-4B87-945A-44A8A0BB5675}.Release|Any CPU.ActiveCfg = Release|Any CPU
		{DE7C924A-B2C2-4B87-945A-44A8A0BB5675}.Release|Any CPU.Build.0 = Release|Any CPU
		{EBAE4869-3562-430C-A061-3AEF783A9789}.Debug|Any CPU.ActiveCfg = Debug|Any CPU
		{EBAE4869-3562-430C-A061-3AEF783A9789}.Debug|Any CPU.Build.0 = Debug|Any CPU
		{EBAE4869-3562-430C-A061-3AEF783A9789}.Release|Any CPU.ActiveCfg = Release|Any CPU
		{EBAE4869-3562-430C-A061-3AEF783A9789}.Release|Any CPU.Build.0 = Release|Any CPU
		{84E842C6-70DD-47B8-A148-A52B60D27853}.Debug|Any CPU.ActiveCfg = Debug|Any CPU
		{84E842C6-70DD-47B8-A148-A52B60D27853}.Debug|Any CPU.Build.0 = Debug|Any CPU
		{84E842C6-70DD-47B8-A148-A52B60D27853}.Release|Any CPU.ActiveCfg = Release|Any CPU
		{84E842C6-70DD-47B8-A148-A52B60D27853}.Release|Any CPU.Build.0 = Release|Any CPU
		{E2B1AD55-A71C-477B-99DA-B7AD9D6CA2C9}.Debug|Any CPU.ActiveCfg = Debug|Any CPU
		{E2B1AD55-A71C-477B-99DA-B7AD9D6CA2C9}.Debug|Any CPU.Build.0 = Debug|Any CPU
		{E2B1AD55-A71C-477B-99DA-B7AD9D6CA2C9}.Release|Any CPU.ActiveCfg = Release|Any CPU
		{E2B1AD55-A71C-477B-99DA-B7AD9D6CA2C9}.Release|Any CPU.Build.0 = Release|Any CPU
		{CD631404-ECCA-46C2-9FB5-27A9B511E199}.Debug|Any CPU.ActiveCfg = Debug|Any CPU
		{CD631404-ECCA-46C2-9FB5-27A9B511E199}.Debug|Any CPU.Build.0 = Debug|Any CPU
		{CD631404-ECCA-46C2-9FB5-27A9B511E199}.Release|Any CPU.ActiveCfg = Release|Any CPU
		{CD631404-ECCA-46C2-9FB5-27A9B511E199}.Release|Any CPU.Build.0 = Release|Any CPU
		{23EBABDC-F763-4BBF-9C5A-9192BC1A8016}.Debug|Any CPU.ActiveCfg = Debug|Any CPU
		{23EBABDC-F763-4BBF-9C5A-9192BC1A8016}.Debug|Any CPU.Build.0 = Debug|Any CPU
		{23EBABDC-F763-4BBF-9C5A-9192BC1A8016}.Release|Any CPU.ActiveCfg = Release|Any CPU
		{23EBABDC-F763-4BBF-9C5A-9192BC1A8016}.Release|Any CPU.Build.0 = Release|Any CPU
		{0969DC51-6457-4474-97CF-00F72696F339}.Debug|Any CPU.ActiveCfg = Debug|Any CPU
		{0969DC51-6457-4474-97CF-00F72696F339}.Debug|Any CPU.Build.0 = Debug|Any CPU
		{0969DC51-6457-4474-97CF-00F72696F339}.Release|Any CPU.ActiveCfg = Release|Any CPU
		{0969DC51-6457-4474-97CF-00F72696F339}.Release|Any CPU.Build.0 = Release|Any CPU
		{84F875F8-DEFA-41D0-977E-B75ABF304846}.Debug|Any CPU.ActiveCfg = Debug|Any CPU
		{84F875F8-DEFA-41D0-977E-B75ABF304846}.Debug|Any CPU.Build.0 = Debug|Any CPU
		{84F875F8-DEFA-41D0-977E-B75ABF304846}.Release|Any CPU.ActiveCfg = Release|Any CPU
		{84F875F8-DEFA-41D0-977E-B75ABF304846}.Release|Any CPU.Build.0 = Release|Any CPU
		{EE8F21DB-79F4-4F6E-AA82-99E8E853F5C3}.Debug|Any CPU.ActiveCfg = Debug|Any CPU
		{EE8F21DB-79F4-4F6E-AA82-99E8E853F5C3}.Debug|Any CPU.Build.0 = Debug|Any CPU
		{EE8F21DB-79F4-4F6E-AA82-99E8E853F5C3}.Release|Any CPU.ActiveCfg = Release|Any CPU
		{EE8F21DB-79F4-4F6E-AA82-99E8E853F5C3}.Release|Any CPU.Build.0 = Release|Any CPU
		{1F972C2A-D057-494F-91EE-07510BFF95A2}.Debug|Any CPU.ActiveCfg = Debug|Any CPU
		{1F972C2A-D057-494F-91EE-07510BFF95A2}.Debug|Any CPU.Build.0 = Debug|Any CPU
		{1F972C2A-D057-494F-91EE-07510BFF95A2}.Release|Any CPU.ActiveCfg = Release|Any CPU
		{1F972C2A-D057-494F-91EE-07510BFF95A2}.Release|Any CPU.Build.0 = Release|Any CPU
		{3AADF299-A36D-459A-86F3-00ADC08C8BC7}.Debug|Any CPU.ActiveCfg = Debug|Any CPU
		{3AADF299-A36D-459A-86F3-00ADC08C8BC7}.Debug|Any CPU.Build.0 = Debug|Any CPU
		{3AADF299-A36D-459A-86F3-00ADC08C8BC7}.Release|Any CPU.ActiveCfg = Release|Any CPU
		{3AADF299-A36D-459A-86F3-00ADC08C8BC7}.Release|Any CPU.Build.0 = Release|Any CPU
	EndGlobalSection
	GlobalSection(SolutionProperties) = preSolution
		HideSolutionNode = FALSE
	EndGlobalSection
	GlobalSection(NestedProjects) = preSolution
		{DE7C924A-B2C2-4B87-945A-44A8A0BB5675} = {5605CD02-222B-411B-95CE-17D4AF255306}
		{EBAE4869-3562-430C-A061-3AEF783A9789} = {5605CD02-222B-411B-95CE-17D4AF255306}
		{84E842C6-70DD-47B8-A148-A52B60D27853} = {5605CD02-222B-411B-95CE-17D4AF255306}
		{E2B1AD55-A71C-477B-99DA-B7AD9D6CA2C9} = {D22C53B8-EFA7-4D47-9955-21F18C2B1D63}
		{CD631404-ECCA-46C2-9FB5-27A9B511E199} = {D22C53B8-EFA7-4D47-9955-21F18C2B1D63}
		{23EBABDC-F763-4BBF-9C5A-9192BC1A8016} = {D22C53B8-EFA7-4D47-9955-21F18C2B1D63}
		{0969DC51-6457-4474-97CF-00F72696F339} = {CD29FE0B-F8EB-49A1-813A-BBC520417D44}
		{84F875F8-DEFA-41D0-977E-B75ABF304846} = {CD29FE0B-F8EB-49A1-813A-BBC520417D44}
		{EE8F21DB-79F4-4F6E-AA82-99E8E853F5C3} = {BEB40C00-467C-4E53-B031-C0106F13A6AF}
		{1F972C2A-D057-494F-91EE-07510BFF95A2} = {BEB40C00-467C-4E53-B031-C0106F13A6AF}
		{3AADF299-A36D-459A-86F3-00ADC08C8BC7} = {BEB40C00-467C-4E53-B031-C0106F13A6AF}
	EndGlobalSection
	GlobalSection(ExtensibilityGlobals) = postSolution
		SolutionGuid = {13D75229-FC39-412F-97CB-03947021325B}
	EndGlobalSection
EndGlobal
